
Microsoft Visual Studio Solution File, Format Version 12.00
# Visual Studio Version 17
VisualStudioVersion = 17.8.34330.188
MinimumVisualStudioVersion = 10.0.40219.1
Project("{9A19103F-16F7-4668-BE54-9A1E7A4F7556}") = "WebAppAdmin", "WebAppAdmin\WebAppAdmin.csproj", "{A7192D5D-8667-4EC3-9B35-5ED4BA45E310}"
EndProject
Project("{9A19103F-16F7-4668-BE54-9A1E7A4F7556}") = "ModelsCommun", "ModelsCommun\ModelsCommun.csproj", "{AB8A6DB0-FBB0-40C6-AFE0-C8259EB6BE84}"
EndProject
Project("{FAE04EC0-301F-11D3-BF4B-00C04F79EFBC}") = "ApiVenteArticles", "ApiVenteArticles\ApiVenteArticles.csproj", "{EB1F0940-676B-4EF6-813E-D8AC1C86E82B}"
EndProject
Project("{FAE04EC0-301F-11D3-BF4B-00C04F79EFBC}") = "WebAppliClients", "WebAppliClients\WebAppliClients.csproj", "{339D3414-A725-4305-AC60-531D34466D05}"
EndProject
Global
	GlobalSection(SolutionConfigurationPlatforms) = preSolution
		Debug|Any CPU = Debug|Any CPU
		Release|Any CPU = Release|Any CPU
	EndGlobalSection
	GlobalSection(ProjectConfigurationPlatforms) = postSolution
		{A7192D5D-8667-4EC3-9B35-5ED4BA45E310}.Debug|Any CPU.ActiveCfg = Debug|Any CPU
		{A7192D5D-8667-4EC3-9B35-5ED4BA45E310}.Debug|Any CPU.Build.0 = Debug|Any CPU
		{A7192D5D-8667-4EC3-9B35-5ED4BA45E310}.Release|Any CPU.ActiveCfg = Release|Any CPU
		{A7192D5D-8667-4EC3-9B35-5ED4BA45E310}.Release|Any CPU.Build.0 = Release|Any CPU
		{AB8A6DB0-FBB0-40C6-AFE0-C8259EB6BE84}.Debug|Any CPU.ActiveCfg = Debug|Any CPU
		{AB8A6DB0-FBB0-40C6-AFE0-C8259EB6BE84}.Debug|Any CPU.Build.0 = Debug|Any CPU
		{AB8A6DB0-FBB0-40C6-AFE0-C8259EB6BE84}.Release|Any CPU.ActiveCfg = Release|Any CPU
		{AB8A6DB0-FBB0-40C6-AFE0-C8259EB6BE84}.Release|Any CPU.Build.0 = Release|Any CPU
		{EB1F0940-676B-4EF6-813E-D8AC1C86E82B}.Debug|Any CPU.ActiveCfg = Debug|Any CPU
		{EB1F0940-676B-4EF6-813E-D8AC1C86E82B}.Debug|Any CPU.Build.0 = Debug|Any CPU
		{EB1F0940-676B-4EF6-813E-D8AC1C86E82B}.Release|Any CPU.ActiveCfg = Release|Any CPU
		{EB1F0940-676B-4EF6-813E-D8AC1C86E82B}.Release|Any CPU.Build.0 = Release|Any CPU
		{339D3414-A725-4305-AC60-531D34466D05}.Debug|Any CPU.ActiveCfg = Debug|Any CPU
		{339D3414-A725-4305-AC60-531D34466D05}.Debug|Any CPU.Build.0 = Debug|Any CPU
		{339D3414-A725-4305-AC60-531D34466D05}.Release|Any CPU.ActiveCfg = Release|Any CPU
		{339D3414-A725-4305-AC60-531D34466D05}.Release|Any CPU.Build.0 = Release|Any CPU
	EndGlobalSection
	GlobalSection(SolutionProperties) = preSolution
		HideSolutionNode = FALSE
	EndGlobalSection
	GlobalSection(ExtensibilityGlobals) = postSolution
		SolutionGuid = {811C1B52-4191-4EAF-BF62-740FF3E79B54}
	EndGlobalSection
EndGlobal
